
Microsoft Visual Studio Solution File, Format Version 12.00
# Visual Studio Version 17
VisualStudioVersion = 17.12.35527.113
MinimumVisualStudioVersion = 10.0.40219.1
Project("{FAE04EC0-301F-11D3-BF4B-00C04F79EFBC}") = "WeBankConsoleApp", "WeBankConsoleApp\WeBankConsoleApp.csproj", "{71170C37-CDD0-43B9-A701-22AE69666FC9}"
EndProject
Project("{FAE04EC0-301F-11D3-BF4B-00C04F79EFBC}") = "WeBankBusinessLayer", "WeBankBusinessLayer\WeBankBusinessLayer.csproj", "{46767CB0-7505-49EE-A558-CF970E17F073}"
EndProject
Global
	GlobalSection(SolutionConfigurationPlatforms) = preSolution
		Debug|Any CPU = Debug|Any CPU
		Release|Any CPU = Release|Any CPU
	EndGlobalSection
	GlobalSection(ProjectConfigurationPlatforms) = postSolution
		{71170C37-CDD0-43B9-A701-22AE69666FC9}.Debug|Any CPU.ActiveCfg = Debug|Any CPU
		{71170C37-CDD0-43B9-A701-22AE69666FC9}.Debug|Any CPU.Build.0 = Debug|Any CPU
		{71170C37-CDD0-43B9-A701-22AE69666FC9}.Release|Any CPU.ActiveCfg = Release|Any CPU
		{71170C37-CDD0-43B9-A701-22AE69666FC9}.Release|Any CPU.Build.0 = Release|Any CPU
		{46767CB0-7505-49EE-A558-CF970E17F073}.Debug|Any CPU.ActiveCfg = Debug|Any CPU
		{46767CB0-7505-49EE-A558-CF970E17F073}.Debug|Any CPU.Build.0 = Debug|Any CPU
		{46767CB0-7505-49EE-A558-CF970E17F073}.Release|Any CPU.ActiveCfg = Release|Any CPU
		{46767CB0-7505-49EE-A558-CF970E17F073}.Release|Any CPU.Build.0 = Release|Any CPU
	EndGlobalSection
	GlobalSection(SolutionProperties) = preSolution
		HideSolutionNode = FALSE
	EndGlobalSection
EndGlobal
