
Microsoft Visual Studio Solution File, Format Version 12.00
# Visual Studio Version 17
VisualStudioVersion = 17.12.35527.113
MinimumVisualStudioVersion = 10.0.40219.1
Project("{FAE04EC0-301F-11D3-BF4B-00C04F79EFBC}") = "A2ZsalesConsoleApp", "A2ZsalesConsoleApp\A2ZsalesConsoleApp.csproj", "{16385829-2B62-4BB5-A60A-33AA0ACBC4DC}"
EndProject
Project("{FAE04EC0-301F-11D3-BF4B-00C04F79EFBC}") = "A2ZsalesBusinessLayer", "A2ZsalesBusinessLayer\A2ZsalesBusinessLayer.csproj", "{43935AD8-6FC7-481E-B26B-ECDE49EDCEAE}"
EndProject
Global
	GlobalSection(SolutionConfigurationPlatforms) = preSolution
		Debug|Any CPU = Debug|Any CPU
		Release|Any CPU = Release|Any CPU
	EndGlobalSection
	GlobalSection(ProjectConfigurationPlatforms) = postSolution
		{16385829-2B62-4BB5-A60A-33AA0ACBC4DC}.Debug|Any CPU.ActiveCfg = Debug|Any CPU
		{16385829-2B62-4BB5-A60A-33AA0ACBC4DC}.Debug|Any CPU.Build.0 = Debug|Any CPU
		{16385829-2B62-4BB5-A60A-33AA0ACBC4DC}.Release|Any CPU.ActiveCfg = Release|Any CPU
		{16385829-2B62-4BB5-A60A-33AA0ACBC4DC}.Release|Any CPU.Build.0 = Release|Any CPU
		{43935AD8-6FC7-481E-B26B-ECDE49EDCEAE}.Debug|Any CPU.ActiveCfg = Debug|Any CPU
		{43935AD8-6FC7-481E-B26B-ECDE49EDCEAE}.Debug|Any CPU.Build.0 = Debug|Any CPU
		{43935AD8-6FC7-481E-B26B-ECDE49EDCEAE}.Release|Any CPU.ActiveCfg = Release|Any CPU
		{43935AD8-6FC7-481E-B26B-ECDE49EDCEAE}.Release|Any CPU.Build.0 = Release|Any CPU
	EndGlobalSection
	GlobalSection(SolutionProperties) = preSolution
		HideSolutionNode = FALSE
	EndGlobalSection
EndGlobal
