
Microsoft Visual Studio Solution File, Format Version 12.00
# Visual Studio Version 17
VisualStudioVersion = 17.12.35527.113 d17.12
MinimumVisualStudioVersion = 10.0.40219.1
Project("{FAE04EC0-301F-11D3-BF4B-00C04F79EFBC}") = "GetWellAppConsoleApp", "GetWellAppConsoleApp\GetWellAppConsoleApp.csproj", "{0ACBB382-745E-4828-A154-9AE4DA34799A}"
EndProject
Project("{FAE04EC0-301F-11D3-BF4B-00C04F79EFBC}") = "GetWellAppBusinessLayer", "GetWellAppBusinessLayer\GetWellAppBusinessLayer.csproj", "{9E9A1EA1-FBE7-4E78-BFE6-F062BE6F983C}"
EndProject
Global
	GlobalSection(SolutionConfigurationPlatforms) = preSolution
		Debug|Any CPU = Debug|Any CPU
		Release|Any CPU = Release|Any CPU
	EndGlobalSection
	GlobalSection(ProjectConfigurationPlatforms) = postSolution
		{0ACBB382-745E-4828-A154-9AE4DA34799A}.Debug|Any CPU.ActiveCfg = Debug|Any CPU
		{0ACBB382-745E-4828-A154-9AE4DA34799A}.Debug|Any CPU.Build.0 = Debug|Any CPU
		{0ACBB382-745E-4828-A154-9AE4DA34799A}.Release|Any CPU.ActiveCfg = Release|Any CPU
		{0ACBB382-745E-4828-A154-9AE4DA34799A}.Release|Any CPU.Build.0 = Release|Any CPU
		{9E9A1EA1-FBE7-4E78-BFE6-F062BE6F983C}.Debug|Any CPU.ActiveCfg = Debug|Any CPU
		{9E9A1EA1-FBE7-4E78-BFE6-F062BE6F983C}.Debug|Any CPU.Build.0 = Debug|Any CPU
		{9E9A1EA1-FBE7-4E78-BFE6-F062BE6F983C}.Release|Any CPU.ActiveCfg = Release|Any CPU
		{9E9A1EA1-FBE7-4E78-BFE6-F062BE6F983C}.Release|Any CPU.Build.0 = Release|Any CPU
	EndGlobalSection
	GlobalSection(SolutionProperties) = preSolution
		HideSolutionNode = FALSE
	EndGlobalSection
EndGlobal
