
Microsoft Visual Studio Solution File, Format Version 12.00
# Visual Studio Version 17
VisualStudioVersion = 17.12.35527.113 d17.12
MinimumVisualStudioVersion = 10.0.40219.1
Project("{FAE04EC0-301F-11D3-BF4B-00C04F79EFBC}") = "OrganisationConsoleApp", "OrganisationConsoleApp\OrganisationConsoleApp.csproj", "{7765DB40-0CBA-43FF-BF95-4BB7D143628C}"
EndProject
Project("{FAE04EC0-301F-11D3-BF4B-00C04F79EFBC}") = "OrganisationBusinessLayer", "OrganisationBusinessLayer\OrganisationBusinessLayer.csproj", "{F4913238-C2D5-477A-9738-3FF168528A2E}"
EndProject
Global
	GlobalSection(SolutionConfigurationPlatforms) = preSolution
		Debug|Any CPU = Debug|Any CPU
		Release|Any CPU = Release|Any CPU
	EndGlobalSection
	GlobalSection(ProjectConfigurationPlatforms) = postSolution
		{7765DB40-0CBA-43FF-BF95-4BB7D143628C}.Debug|Any CPU.ActiveCfg = Debug|Any CPU
		{7765DB40-0CBA-43FF-BF95-4BB7D143628C}.Debug|Any CPU.Build.0 = Debug|Any CPU
		{7765DB40-0CBA-43FF-BF95-4BB7D143628C}.Release|Any CPU.ActiveCfg = Release|Any CPU
		{7765DB40-0CBA-43FF-BF95-4BB7D143628C}.Release|Any CPU.Build.0 = Release|Any CPU
		{F4913238-C2D5-477A-9738-3FF168528A2E}.Debug|Any CPU.ActiveCfg = Debug|Any CPU
		{F4913238-C2D5-477A-9738-3FF168528A2E}.Debug|Any CPU.Build.0 = Debug|Any CPU
		{F4913238-C2D5-477A-9738-3FF168528A2E}.Release|Any CPU.ActiveCfg = Release|Any CPU
		{F4913238-C2D5-477A-9738-3FF168528A2E}.Release|Any CPU.Build.0 = Release|Any CPU
	EndGlobalSection
	GlobalSection(SolutionProperties) = preSolution
		HideSolutionNode = FALSE
	EndGlobalSection
EndGlobal
