
Microsoft Visual Studio Solution File, Format Version 12.00
# Visual Studio Version 17
VisualStudioVersion = 17.12.35527.113 d17.12
MinimumVisualStudioVersion = 10.0.40219.1
Project("{FAE04EC0-301F-11D3-BF4B-00C04F79EFBC}") = "QuickKartConsoleApp", "QuickKartConsoleApp\QuickKartConsoleApp.csproj", "{05F8F68F-5346-45A7-BF02-94A65C6EF570}"
EndProject
Project("{FAE04EC0-301F-11D3-BF4B-00C04F79EFBC}") = "QuickKartBusinessLayer", "QuickKartBusinessLayer\QuickKartBusinessLayer.csproj", "{7A4933D1-830C-4BE0-BCEF-E20F06A694C1}"
EndProject
Global
	GlobalSection(SolutionConfigurationPlatforms) = preSolution
		Debug|Any CPU = Debug|Any CPU
		Release|Any CPU = Release|Any CPU
	EndGlobalSection
	GlobalSection(ProjectConfigurationPlatforms) = postSolution
		{05F8F68F-5346-45A7-BF02-94A65C6EF570}.Debug|Any CPU.ActiveCfg = Debug|Any CPU
		{05F8F68F-5346-45A7-BF02-94A65C6EF570}.Debug|Any CPU.Build.0 = Debug|Any CPU
		{05F8F68F-5346-45A7-BF02-94A65C6EF570}.Release|Any CPU.ActiveCfg = Release|Any CPU
		{05F8F68F-5346-45A7-BF02-94A65C6EF570}.Release|Any CPU.Build.0 = Release|Any CPU
		{7A4933D1-830C-4BE0-BCEF-E20F06A694C1}.Debug|Any CPU.ActiveCfg = Debug|Any CPU
		{7A4933D1-830C-4BE0-BCEF-E20F06A694C1}.Debug|Any CPU.Build.0 = Debug|Any CPU
		{7A4933D1-830C-4BE0-BCEF-E20F06A694C1}.Release|Any CPU.ActiveCfg = Release|Any CPU
		{7A4933D1-830C-4BE0-BCEF-E20F06A694C1}.Release|Any CPU.Build.0 = Release|Any CPU
	EndGlobalSection
	GlobalSection(SolutionProperties) = preSolution
		HideSolutionNode = FALSE
	EndGlobalSection
EndGlobal
