
Microsoft Visual Studio Solution File, Format Version 12.00
# Visual Studio Version 17
VisualStudioVersion = 17.12.35527.113 d17.12
MinimumVisualStudioVersion = 10.0.40219.1
Project("{FAE04EC0-301F-11D3-BF4B-00C04F79EFBC}") = "BankingSystemApp", "BankingSystemApp\BankingSystemApp.csproj", "{FAAE14DC-1D44-4DB5-83B8-2F9CE2B02BC1}"
EndProject
Project("{FAE04EC0-301F-11D3-BF4B-00C04F79EFBC}") = "BankingSystemBusinessLayer", "BankingSystemBusinessLayer\BankingSystemBusinessLayer.csproj", "{C192214E-F79C-41E2-A9E2-5795DDE2DC63}"
EndProject
Global
	GlobalSection(SolutionConfigurationPlatforms) = preSolution
		Debug|Any CPU = Debug|Any CPU
		Release|Any CPU = Release|Any CPU
	EndGlobalSection
	GlobalSection(ProjectConfigurationPlatforms) = postSolution
		{FAAE14DC-1D44-4DB5-83B8-2F9CE2B02BC1}.Debug|Any CPU.ActiveCfg = Debug|Any CPU
		{FAAE14DC-1D44-4DB5-83B8-2F9CE2B02BC1}.Debug|Any CPU.Build.0 = Debug|Any CPU
		{FAAE14DC-1D44-4DB5-83B8-2F9CE2B02BC1}.Release|Any CPU.ActiveCfg = Release|Any CPU
		{FAAE14DC-1D44-4DB5-83B8-2F9CE2B02BC1}.Release|Any CPU.Build.0 = Release|Any CPU
		{C192214E-F79C-41E2-A9E2-5795DDE2DC63}.Debug|Any CPU.ActiveCfg = Debug|Any CPU
		{C192214E-F79C-41E2-A9E2-5795DDE2DC63}.Debug|Any CPU.Build.0 = Debug|Any CPU
		{C192214E-F79C-41E2-A9E2-5795DDE2DC63}.Release|Any CPU.ActiveCfg = Release|Any CPU
		{C192214E-F79C-41E2-A9E2-5795DDE2DC63}.Release|Any CPU.Build.0 = Release|Any CPU
	EndGlobalSection
	GlobalSection(SolutionProperties) = preSolution
		HideSolutionNode = FALSE
	EndGlobalSection
EndGlobal
