
Microsoft Visual Studio Solution File, Format Version 12.00
# Visual Studio Version 17
VisualStudioVersion = 17.12.35527.113 d17.12
MinimumVisualStudioVersion = 10.0.40219.1
Project("{FAE04EC0-301F-11D3-BF4B-00C04F79EFBC}") = "QuickKartConsoleApp", "QuickKartConsoleApp\QuickKartConsoleApp.csproj", "{3EE94EEF-59A8-4FD7-B86F-11E6A7DBE69F}"
EndProject
Project("{FAE04EC0-301F-11D3-BF4B-00C04F79EFBC}") = "QuickKartBusinessLayer", "QuickKartBusinessLayer\QuickKartBusinessLayer.csproj", "{1EA0AC1C-1FA8-4684-82F2-CD62C852B288}"
EndProject
Global
	GlobalSection(SolutionConfigurationPlatforms) = preSolution
		Debug|Any CPU = Debug|Any CPU
		Release|Any CPU = Release|Any CPU
	EndGlobalSection
	GlobalSection(ProjectConfigurationPlatforms) = postSolution
		{3EE94EEF-59A8-4FD7-B86F-11E6A7DBE69F}.Debug|Any CPU.ActiveCfg = Debug|Any CPU
		{3EE94EEF-59A8-4FD7-B86F-11E6A7DBE69F}.Debug|Any CPU.Build.0 = Debug|Any CPU
		{3EE94EEF-59A8-4FD7-B86F-11E6A7DBE69F}.Release|Any CPU.ActiveCfg = Release|Any CPU
		{3EE94EEF-59A8-4FD7-B86F-11E6A7DBE69F}.Release|Any CPU.Build.0 = Release|Any CPU
		{1EA0AC1C-1FA8-4684-82F2-CD62C852B288}.Debug|Any CPU.ActiveCfg = Debug|Any CPU
		{1EA0AC1C-1FA8-4684-82F2-CD62C852B288}.Debug|Any CPU.Build.0 = Debug|Any CPU
		{1EA0AC1C-1FA8-4684-82F2-CD62C852B288}.Release|Any CPU.ActiveCfg = Release|Any CPU
		{1EA0AC1C-1FA8-4684-82F2-CD62C852B288}.Release|Any CPU.Build.0 = Release|Any CPU
	EndGlobalSection
	GlobalSection(SolutionProperties) = preSolution
		HideSolutionNode = FALSE
	EndGlobalSection
EndGlobal
