
Microsoft Visual Studio Solution File, Format Version 12.00
# Visual Studio Version 17
VisualStudioVersion = 17.12.35527.113 d17.12
MinimumVisualStudioVersion = 10.0.40219.1
Project("{FAE04EC0-301F-11D3-BF4B-00C04F79EFBC}") = "A2ZsalesConsoleApp", "A2ZsalesConsoleApp\A2ZsalesConsoleApp.csproj", "{AAB4DD8D-A5C0-4338-8C11-66ECCD81DB7C}"
EndProject
Project("{FAE04EC0-301F-11D3-BF4B-00C04F79EFBC}") = "A2ZsalesBusinessLayer", "A2ZsalesBusinessLayer\A2ZsalesBusinessLayer.csproj", "{0CC7803C-339E-44FF-9471-B1B5D8D6A09F}"
EndProject
Global
	GlobalSection(SolutionConfigurationPlatforms) = preSolution
		Debug|Any CPU = Debug|Any CPU
		Release|Any CPU = Release|Any CPU
	EndGlobalSection
	GlobalSection(ProjectConfigurationPlatforms) = postSolution
		{AAB4DD8D-A5C0-4338-8C11-66ECCD81DB7C}.Debug|Any CPU.ActiveCfg = Debug|Any CPU
		{AAB4DD8D-A5C0-4338-8C11-66ECCD81DB7C}.Debug|Any CPU.Build.0 = Debug|Any CPU
		{AAB4DD8D-A5C0-4338-8C11-66ECCD81DB7C}.Release|Any CPU.ActiveCfg = Release|Any CPU
		{AAB4DD8D-A5C0-4338-8C11-66ECCD81DB7C}.Release|Any CPU.Build.0 = Release|Any CPU
		{0CC7803C-339E-44FF-9471-B1B5D8D6A09F}.Debug|Any CPU.ActiveCfg = Debug|Any CPU
		{0CC7803C-339E-44FF-9471-B1B5D8D6A09F}.Debug|Any CPU.Build.0 = Debug|Any CPU
		{0CC7803C-339E-44FF-9471-B1B5D8D6A09F}.Release|Any CPU.ActiveCfg = Release|Any CPU
		{0CC7803C-339E-44FF-9471-B1B5D8D6A09F}.Release|Any CPU.Build.0 = Release|Any CPU
	EndGlobalSection
	GlobalSection(SolutionProperties) = preSolution
		HideSolutionNode = FALSE
	EndGlobalSection
EndGlobal
